
Microsoft Visual Studio Solution File, Format Version 12.00
# Visual Studio Version 17
VisualStudioVersion = 17.2.32414.248
MinimumVisualStudioVersion = 10.0.40219.1
Project("{2150E333-8FDC-42A3-9474-1A3956D46DE8}") = "DAL", "DAL", "{562F53FA-66B0-44E0-BA7B-792FBC4388A5}"
EndProject
Project("{2150E333-8FDC-42A3-9474-1A3956D46DE8}") = "BLL", "BLL", "{EBFBB23D-895C-4C2A-BC96-DFD1CE15319D}"
EndProject
Project("{2150E333-8FDC-42A3-9474-1A3956D46DE8}") = "Server", "Server", "{2F84A8C4-6EE5-4CB2-ACEF-5063F675E2A8}"
EndProject
Project("{2150E333-8FDC-42A3-9474-1A3956D46DE8}") = "Clients", "Clients", "{5D802936-CECD-455D-A443-35E94FFD06DC}"
EndProject
Project("{2150E333-8FDC-42A3-9474-1A3956D46DE8}") = "Domain", "Domain", "{9865CB43-8789-4287-B194-7D0939B30A0B}"
EndProject
Project("{2150E333-8FDC-42A3-9474-1A3956D46DE8}") = "Web", "Web", "{FA447926-7C0D-44F0-B675-2B46196D4F39}"
EndProject
Project("{2150E333-8FDC-42A3-9474-1A3956D46DE8}") = "Hybrid", "Hybrid", "{02BF23D7-CF36-4A54-A3F6-2A96096533D7}"
EndProject
Project("{9A19103F-16F7-4668-BE54-9A1E7A4F7556}") = "Web.Core", "src\Clients\Web\Web.Core\Web.Core.csproj", "{9510FE99-2724-49BE-8EA7-E3B681C08EC2}"
EndProject
Project("{9A19103F-16F7-4668-BE54-9A1E7A4F7556}") = "Hybrid.WindowsApp", "src\Clients\Hybrid\Hybrid.WindowsApp\Hybrid.WindowsApp.csproj", "{4C197847-C58A-429F-9E30-B6CC577851C1}"
EndProject
Project("{2150E333-8FDC-42A3-9474-1A3956D46DE8}") = "DAL", "DAL", "{B31CE18B-DDCA-460D-B5C9-505949778BD0}"
EndProject
Project("{2150E333-8FDC-42A3-9474-1A3956D46DE8}") = "BLL", "BLL", "{1F39F468-C901-48B2-96E3-D6B874364125}"
EndProject
Project("{9A19103F-16F7-4668-BE54-9A1E7A4F7556}") = "Domain.Core", "src\Domain\Domain.Core\Domain.Core.csproj", "{D4712FD3-F0E9-4900-8A2A-04D3B051998B}"
EndProject
Project("{9A19103F-16F7-4668-BE54-9A1E7A4F7556}") = "Domain.Data", "src\Domain\Domain.Data\Domain.Data.csproj", "{FA05A9A2-8E4B-4C24-AE62-8E1AF0647197}"
EndProject
Project("{9A19103F-16F7-4668-BE54-9A1E7A4F7556}") = "Web.Client", "src\Clients\Web\Web.Client\Web.Client.csproj", "{DD77415C-00F9-4C02-A811-ACBEEFE7F695}"
EndProject
Project("{9A19103F-16F7-4668-BE54-9A1E7A4F7556}") = "Clients.Data", "src\Clients\DAL\Clients.Data\Clients.Data.csproj", "{635C6C88-EE93-44B8-8169-6E2958F6E89F}"
EndProject
Project("{9A19103F-16F7-4668-BE54-9A1E7A4F7556}") = "Clients.Data.Migrator", "src\Clients\DAL\Clients.Data.Migrator\Clients.Data.Migrator.csproj", "{98739921-11A1-4435-988C-8E07205B509A}"
EndProject
Project("{9A19103F-16F7-4668-BE54-9A1E7A4F7556}") = "MemeRepo.Data.Migrations", "src\MemeRepo\DAL\MemeRepo.Data.Migrations\MemeRepo.Data.Migrations.csproj", "{062ED3CA-080F-4941-9526-5DF7512B4746}"
EndProject
Project("{9A19103F-16F7-4668-BE54-9A1E7A4F7556}") = "Clients.Common", "src\Clients\Clients.Common\Clients.Common.csproj", "{0F344237-C9E0-428F-993F-046D129ECBE1}"
EndProject
Project("{FAE04EC0-301F-11D3-BF4B-00C04F79EFBC}") = "Hybrid.Maui", "src\Clients\Hybrid\Hybrid.Maui\Hybrid.Maui.csproj", "{6E3566B9-AE42-44BC-88DD-B5C715E9E554}"
EndProject
Global
	GlobalSection(SolutionConfigurationPlatforms) = preSolution
		Debug|Any CPU = Debug|Any CPU
		Release|Any CPU = Release|Any CPU
	EndGlobalSection
	GlobalSection(ProjectConfigurationPlatforms) = postSolution
		{9510FE99-2724-49BE-8EA7-E3B681C08EC2}.Debug|Any CPU.ActiveCfg = Debug|Any CPU
		{9510FE99-2724-49BE-8EA7-E3B681C08EC2}.Debug|Any CPU.Build.0 = Debug|Any CPU
		{9510FE99-2724-49BE-8EA7-E3B681C08EC2}.Release|Any CPU.ActiveCfg = Release|Any CPU
		{9510FE99-2724-49BE-8EA7-E3B681C08EC2}.Release|Any CPU.Build.0 = Release|Any CPU
		{4C197847-C58A-429F-9E30-B6CC577851C1}.Debug|Any CPU.ActiveCfg = Debug|Any CPU
		{4C197847-C58A-429F-9E30-B6CC577851C1}.Debug|Any CPU.Build.0 = Debug|Any CPU
		{4C197847-C58A-429F-9E30-B6CC577851C1}.Release|Any CPU.ActiveCfg = Release|Any CPU
		{4C197847-C58A-429F-9E30-B6CC577851C1}.Release|Any CPU.Build.0 = Release|Any CPU
		{D4712FD3-F0E9-4900-8A2A-04D3B051998B}.Debug|Any CPU.ActiveCfg = Debug|Any CPU
		{D4712FD3-F0E9-4900-8A2A-04D3B051998B}.Debug|Any CPU.Build.0 = Debug|Any CPU
		{D4712FD3-F0E9-4900-8A2A-04D3B051998B}.Release|Any CPU.ActiveCfg = Release|Any CPU
		{D4712FD3-F0E9-4900-8A2A-04D3B051998B}.Release|Any CPU.Build.0 = Release|Any CPU
		{FA05A9A2-8E4B-4C24-AE62-8E1AF0647197}.Debug|Any CPU.ActiveCfg = Debug|Any CPU
		{FA05A9A2-8E4B-4C24-AE62-8E1AF0647197}.Debug|Any CPU.Build.0 = Debug|Any CPU
		{FA05A9A2-8E4B-4C24-AE62-8E1AF0647197}.Release|Any CPU.ActiveCfg = Release|Any CPU
		{FA05A9A2-8E4B-4C24-AE62-8E1AF0647197}.Release|Any CPU.Build.0 = Release|Any CPU
		{DD77415C-00F9-4C02-A811-ACBEEFE7F695}.Debug|Any CPU.ActiveCfg = Debug|Any CPU
		{DD77415C-00F9-4C02-A811-ACBEEFE7F695}.Debug|Any CPU.Build.0 = Debug|Any CPU
		{DD77415C-00F9-4C02-A811-ACBEEFE7F695}.Release|Any CPU.ActiveCfg = Release|Any CPU
		{DD77415C-00F9-4C02-A811-ACBEEFE7F695}.Release|Any CPU.Build.0 = Release|Any CPU
		{635C6C88-EE93-44B8-8169-6E2958F6E89F}.Debug|Any CPU.ActiveCfg = Debug|Any CPU
		{635C6C88-EE93-44B8-8169-6E2958F6E89F}.Debug|Any CPU.Build.0 = Debug|Any CPU
		{635C6C88-EE93-44B8-8169-6E2958F6E89F}.Release|Any CPU.ActiveCfg = Release|Any CPU
		{635C6C88-EE93-44B8-8169-6E2958F6E89F}.Release|Any CPU.Build.0 = Release|Any CPU
		{98739921-11A1-4435-988C-8E07205B509A}.Debug|Any CPU.ActiveCfg = Debug|Any CPU
		{98739921-11A1-4435-988C-8E07205B509A}.Debug|Any CPU.Build.0 = Debug|Any CPU
		{98739921-11A1-4435-988C-8E07205B509A}.Release|Any CPU.ActiveCfg = Release|Any CPU
		{98739921-11A1-4435-988C-8E07205B509A}.Release|Any CPU.Build.0 = Release|Any CPU
		{062ED3CA-080F-4941-9526-5DF7512B4746}.Debug|Any CPU.ActiveCfg = Debug|Any CPU
		{062ED3CA-080F-4941-9526-5DF7512B4746}.Debug|Any CPU.Build.0 = Debug|Any CPU
		{062ED3CA-080F-4941-9526-5DF7512B4746}.Release|Any CPU.ActiveCfg = Release|Any CPU
		{062ED3CA-080F-4941-9526-5DF7512B4746}.Release|Any CPU.Build.0 = Release|Any CPU
		{0F344237-C9E0-428F-993F-046D129ECBE1}.Debug|Any CPU.ActiveCfg = Debug|Any CPU
		{0F344237-C9E0-428F-993F-046D129ECBE1}.Debug|Any CPU.Build.0 = Debug|Any CPU
		{0F344237-C9E0-428F-993F-046D129ECBE1}.Release|Any CPU.ActiveCfg = Release|Any CPU
		{0F344237-C9E0-428F-993F-046D129ECBE1}.Release|Any CPU.Build.0 = Release|Any CPU
		{6E3566B9-AE42-44BC-88DD-B5C715E9E554}.Debug|Any CPU.ActiveCfg = Debug|Any CPU
		{6E3566B9-AE42-44BC-88DD-B5C715E9E554}.Debug|Any CPU.Build.0 = Debug|Any CPU
		{6E3566B9-AE42-44BC-88DD-B5C715E9E554}.Debug|Any CPU.Deploy.0 = Debug|Any CPU
		{6E3566B9-AE42-44BC-88DD-B5C715E9E554}.Release|Any CPU.ActiveCfg = Release|Any CPU
		{6E3566B9-AE42-44BC-88DD-B5C715E9E554}.Release|Any CPU.Build.0 = Release|Any CPU
		{6E3566B9-AE42-44BC-88DD-B5C715E9E554}.Release|Any CPU.Deploy.0 = Release|Any CPU
	EndGlobalSection
	GlobalSection(SolutionProperties) = preSolution
		HideSolutionNode = FALSE
	EndGlobalSection
	GlobalSection(NestedProjects) = preSolution
		{562F53FA-66B0-44E0-BA7B-792FBC4388A5} = {2F84A8C4-6EE5-4CB2-ACEF-5063F675E2A8}
		{EBFBB23D-895C-4C2A-BC96-DFD1CE15319D} = {2F84A8C4-6EE5-4CB2-ACEF-5063F675E2A8}
		{FA447926-7C0D-44F0-B675-2B46196D4F39} = {5D802936-CECD-455D-A443-35E94FFD06DC}
		{02BF23D7-CF36-4A54-A3F6-2A96096533D7} = {5D802936-CECD-455D-A443-35E94FFD06DC}
		{9510FE99-2724-49BE-8EA7-E3B681C08EC2} = {FA447926-7C0D-44F0-B675-2B46196D4F39}
		{4C197847-C58A-429F-9E30-B6CC577851C1} = {02BF23D7-CF36-4A54-A3F6-2A96096533D7}
		{B31CE18B-DDCA-460D-B5C9-505949778BD0} = {5D802936-CECD-455D-A443-35E94FFD06DC}
		{1F39F468-C901-48B2-96E3-D6B874364125} = {5D802936-CECD-455D-A443-35E94FFD06DC}
		{D4712FD3-F0E9-4900-8A2A-04D3B051998B} = {9865CB43-8789-4287-B194-7D0939B30A0B}
		{FA05A9A2-8E4B-4C24-AE62-8E1AF0647197} = {9865CB43-8789-4287-B194-7D0939B30A0B}
		{DD77415C-00F9-4C02-A811-ACBEEFE7F695} = {FA447926-7C0D-44F0-B675-2B46196D4F39}
		{635C6C88-EE93-44B8-8169-6E2958F6E89F} = {B31CE18B-DDCA-460D-B5C9-505949778BD0}
		{98739921-11A1-4435-988C-8E07205B509A} = {B31CE18B-DDCA-460D-B5C9-505949778BD0}
		{0F344237-C9E0-428F-993F-046D129ECBE1} = {5D802936-CECD-455D-A443-35E94FFD06DC}
		{6E3566B9-AE42-44BC-88DD-B5C715E9E554} = {02BF23D7-CF36-4A54-A3F6-2A96096533D7}
	EndGlobalSection
	GlobalSection(ExtensibilityGlobals) = postSolution
		SolutionGuid = {496C82E4-37CE-48B9-9A01-12DBF6301DF6}
	EndGlobalSection
EndGlobal
