
Microsoft Visual Studio Solution File, Format Version 12.00
# Visual Studio Version 17
VisualStudioVersion = 17.2.32414.248
MinimumVisualStudioVersion = 10.0.40219.1
Project("{2150E333-8FDC-42A3-9474-1A3956D46DE8}") = "External", "External", "{6E303090-D155-4228-8CC2-A0774F1ED4DA}"
EndProject
Project("{2150E333-8FDC-42A3-9474-1A3956D46DE8}") = "Apps", "Apps", "{D2333EE0-2378-45A0-9830-7890E2DF741B}"
EndProject
Project("{2150E333-8FDC-42A3-9474-1A3956D46DE8}") = "Web", "Web", "{1278BA5B-3AE6-42BF-B9FD-F1F65D6CE294}"
EndProject
Project("{2150E333-8FDC-42A3-9474-1A3956D46DE8}") = "Hybrid", "Hybrid", "{5CEC6A7B-DDF8-491D-A69E-C716799F56AB}"
EndProject
Project("{2150E333-8FDC-42A3-9474-1A3956D46DE8}") = "DAL", "DAL", "{E42DF1CA-C468-4CE5-B222-E28C89326127}"
EndProject
Project("{9A19103F-16F7-4668-BE54-9A1E7A4F7556}") = "Domain.Core", "DAL\Domain.Core\Domain.Core.csproj", "{1131D44C-AA7A-4CD9-BEDA-927B57EB805B}"
EndProject
Project("{9A19103F-16F7-4668-BE54-9A1E7A4F7556}") = "Hybrid.Maui", "Apps\Hybrid\Hybrid.Maui\Hybrid.Maui.csproj", "{9E0380FD-5103-4F40-BD1C-12E5A1B518C7}"
EndProject
Project("{9A19103F-16F7-4668-BE54-9A1E7A4F7556}") = "Hybrid.WindowsApp", "Apps\Hybrid\Hybrid.WindowsApp\Hybrid.WindowsApp.csproj", "{AD0E4700-A7CB-440E-903D-7E63F76E349A}"
EndProject
Project("{9A19103F-16F7-4668-BE54-9A1E7A4F7556}") = "Web.Core", "Apps\Web\Web.Core\Web.Core.csproj", "{1C85EFA2-BAE4-4BF1-9411-22723DDC5EFE}"
EndProject
Project("{9A19103F-16F7-4668-BE54-9A1E7A4F7556}") = "Web.Client", "Apps\Web\Web.Client\Web.Client.csproj", "{A99087F7-C44E-4E8A-A9AA-75EFFCA27593}"
EndProject
Project("{2150E333-8FDC-42A3-9474-1A3956D46DE8}") = "Other", "Other", "{C6DCEAB9-594D-4745-9FC7-CE5D481CECAB}"
EndProject
Project("{9A19103F-16F7-4668-BE54-9A1E7A4F7556}") = "Linq2Db.BaseInterceptors", "Other\Linq2Db.BaseInterceptors\Linq2Db.BaseInterceptors.csproj", "{65BC32EB-B526-4C2B-B868-B1245DB18230}"
EndProject
Project("{9A19103F-16F7-4668-BE54-9A1E7A4F7556}") = "Tests.Console", "Other\Tests.Console\Tests.Console.csproj", "{2516C4B4-BA5F-45CE-8611-DF7B29570FB6}"
EndProject
Project("{9A19103F-16F7-4668-BE54-9A1E7A4F7556}") = "Domain.Data", "DAL\Domain.Data\Domain.Data.csproj", "{593BC670-0046-4FD9-9E8D-2C8C6D39EC03}"
EndProject
Global
	GlobalSection(SolutionConfigurationPlatforms) = preSolution
		Debug|Any CPU = Debug|Any CPU
		Release|Any CPU = Release|Any CPU
	EndGlobalSection
	GlobalSection(ProjectConfigurationPlatforms) = postSolution
		{1131D44C-AA7A-4CD9-BEDA-927B57EB805B}.Debug|Any CPU.ActiveCfg = Debug|Any CPU
		{1131D44C-AA7A-4CD9-BEDA-927B57EB805B}.Debug|Any CPU.Build.0 = Debug|Any CPU
		{1131D44C-AA7A-4CD9-BEDA-927B57EB805B}.Release|Any CPU.ActiveCfg = Release|Any CPU
		{1131D44C-AA7A-4CD9-BEDA-927B57EB805B}.Release|Any CPU.Build.0 = Release|Any CPU
		{9E0380FD-5103-4F40-BD1C-12E5A1B518C7}.Debug|Any CPU.ActiveCfg = Debug|Any CPU
		{9E0380FD-5103-4F40-BD1C-12E5A1B518C7}.Debug|Any CPU.Build.0 = Debug|Any CPU
		{9E0380FD-5103-4F40-BD1C-12E5A1B518C7}.Debug|Any CPU.Deploy.0 = Debug|Any CPU
		{9E0380FD-5103-4F40-BD1C-12E5A1B518C7}.Release|Any CPU.ActiveCfg = Release|Any CPU
		{9E0380FD-5103-4F40-BD1C-12E5A1B518C7}.Release|Any CPU.Build.0 = Release|Any CPU
		{9E0380FD-5103-4F40-BD1C-12E5A1B518C7}.Release|Any CPU.Deploy.0 = Release|Any CPU
		{AD0E4700-A7CB-440E-903D-7E63F76E349A}.Debug|Any CPU.ActiveCfg = Debug|Any CPU
		{AD0E4700-A7CB-440E-903D-7E63F76E349A}.Debug|Any CPU.Build.0 = Debug|Any CPU
		{AD0E4700-A7CB-440E-903D-7E63F76E349A}.Release|Any CPU.ActiveCfg = Release|Any CPU
		{AD0E4700-A7CB-440E-903D-7E63F76E349A}.Release|Any CPU.Build.0 = Release|Any CPU
		{1C85EFA2-BAE4-4BF1-9411-22723DDC5EFE}.Debug|Any CPU.ActiveCfg = Debug|Any CPU
		{1C85EFA2-BAE4-4BF1-9411-22723DDC5EFE}.Debug|Any CPU.Build.0 = Debug|Any CPU
		{1C85EFA2-BAE4-4BF1-9411-22723DDC5EFE}.Release|Any CPU.ActiveCfg = Release|Any CPU
		{1C85EFA2-BAE4-4BF1-9411-22723DDC5EFE}.Release|Any CPU.Build.0 = Release|Any CPU
		{A99087F7-C44E-4E8A-A9AA-75EFFCA27593}.Debug|Any CPU.ActiveCfg = Debug|Any CPU
		{A99087F7-C44E-4E8A-A9AA-75EFFCA27593}.Debug|Any CPU.Build.0 = Debug|Any CPU
		{A99087F7-C44E-4E8A-A9AA-75EFFCA27593}.Release|Any CPU.ActiveCfg = Release|Any CPU
		{A99087F7-C44E-4E8A-A9AA-75EFFCA27593}.Release|Any CPU.Build.0 = Release|Any CPU
		{65BC32EB-B526-4C2B-B868-B1245DB18230}.Debug|Any CPU.ActiveCfg = Debug|Any CPU
		{65BC32EB-B526-4C2B-B868-B1245DB18230}.Debug|Any CPU.Build.0 = Debug|Any CPU
		{65BC32EB-B526-4C2B-B868-B1245DB18230}.Release|Any CPU.ActiveCfg = Release|Any CPU
		{65BC32EB-B526-4C2B-B868-B1245DB18230}.Release|Any CPU.Build.0 = Release|Any CPU
		{2516C4B4-BA5F-45CE-8611-DF7B29570FB6}.Debug|Any CPU.ActiveCfg = Debug|Any CPU
		{2516C4B4-BA5F-45CE-8611-DF7B29570FB6}.Debug|Any CPU.Build.0 = Debug|Any CPU
		{2516C4B4-BA5F-45CE-8611-DF7B29570FB6}.Release|Any CPU.ActiveCfg = Release|Any CPU
		{2516C4B4-BA5F-45CE-8611-DF7B29570FB6}.Release|Any CPU.Build.0 = Release|Any CPU
		{593BC670-0046-4FD9-9E8D-2C8C6D39EC03}.Debug|Any CPU.ActiveCfg = Debug|Any CPU
		{593BC670-0046-4FD9-9E8D-2C8C6D39EC03}.Debug|Any CPU.Build.0 = Debug|Any CPU
		{593BC670-0046-4FD9-9E8D-2C8C6D39EC03}.Release|Any CPU.ActiveCfg = Release|Any CPU
		{593BC670-0046-4FD9-9E8D-2C8C6D39EC03}.Release|Any CPU.Build.0 = Release|Any CPU
	EndGlobalSection
	GlobalSection(SolutionProperties) = preSolution
		HideSolutionNode = FALSE
	EndGlobalSection
	GlobalSection(NestedProjects) = preSolution
		{1278BA5B-3AE6-42BF-B9FD-F1F65D6CE294} = {D2333EE0-2378-45A0-9830-7890E2DF741B}
		{5CEC6A7B-DDF8-491D-A69E-C716799F56AB} = {D2333EE0-2378-45A0-9830-7890E2DF741B}
		{1131D44C-AA7A-4CD9-BEDA-927B57EB805B} = {E42DF1CA-C468-4CE5-B222-E28C89326127}
		{9E0380FD-5103-4F40-BD1C-12E5A1B518C7} = {5CEC6A7B-DDF8-491D-A69E-C716799F56AB}
		{AD0E4700-A7CB-440E-903D-7E63F76E349A} = {5CEC6A7B-DDF8-491D-A69E-C716799F56AB}
		{1C85EFA2-BAE4-4BF1-9411-22723DDC5EFE} = {1278BA5B-3AE6-42BF-B9FD-F1F65D6CE294}
		{A99087F7-C44E-4E8A-A9AA-75EFFCA27593} = {1278BA5B-3AE6-42BF-B9FD-F1F65D6CE294}
		{65BC32EB-B526-4C2B-B868-B1245DB18230} = {C6DCEAB9-594D-4745-9FC7-CE5D481CECAB}
		{2516C4B4-BA5F-45CE-8611-DF7B29570FB6} = {C6DCEAB9-594D-4745-9FC7-CE5D481CECAB}
		{593BC670-0046-4FD9-9E8D-2C8C6D39EC03} = {E42DF1CA-C468-4CE5-B222-E28C89326127}
	EndGlobalSection
	GlobalSection(ExtensibilityGlobals) = postSolution
		SolutionGuid = {496C82E4-37CE-48B9-9A01-12DBF6301DF6}
	EndGlobalSection
EndGlobal
